
Microsoft Visual Studio Solution File, Format Version 12.00
# Visual Studio Version 16
VisualStudioVersion = 16.0.30804.86
MinimumVisualStudioVersion = 10.0.40219.1
Project("{FAE04EC0-301F-11D3-BF4B-00C04F79EFBC}") = "HilosPool", "HilosPool\HilosPool.csproj", "{50D697B5-5705-4E55-A3BF-7463AFDFF40B}"
EndProject
Global
	GlobalSection(SolutionConfigurationPlatforms) = preSolution
		Debug|Any CPU = Debug|Any CPU
		Release|Any CPU = Release|Any CPU
	EndGlobalSection
	GlobalSection(ProjectConfigurationPlatforms) = postSolution
		{50D697B5-5705-4E55-A3BF-7463AFDFF40B}.Debug|Any CPU.ActiveCfg = Debug|Any CPU
		{50D697B5-5705-4E55-A3BF-7463AFDFF40B}.Debug|Any CPU.Build.0 = Debug|Any CPU
		{50D697B5-5705-4E55-A3BF-7463AFDFF40B}.Release|Any CPU.ActiveCfg = Release|Any CPU
		{50D697B5-5705-4E55-A3BF-7463AFDFF40B}.Release|Any CPU.Build.0 = Release|Any CPU
	EndGlobalSection
	GlobalSection(SolutionProperties) = preSolution
		HideSolutionNode = FALSE
	EndGlobalSection
	GlobalSection(ExtensibilityGlobals) = postSolution
		SolutionGuid = {EC3F5F20-14E2-4AD1-82FA-A92AB355B196}
	EndGlobalSection
EndGlobal
